# THIS IS AN AUTOGENERATED FILE. DO NOT EDIT THIS FILE DIRECTLY.
# yarn lockfile v1


"@scarf/scarf@^1.1.1":
  version "1.1.1"
  resolved "https://registry.yarnpkg.com/@scarf/scarf/-/scarf-1.1.1.tgz#d8b9f20037b3a37dbf8dcdc4b3b72f9285bfce35"
  integrity sha512-VGbKDbk1RFIaSmdVb0cNjjWJoRWRI/Weo23AjRCC2nryO0iAS8pzsToJfPVPtVs74WHw4L1UTADNdIYRLkirZQ==

axios@^0.25.0:
  version "0.25.0"
  resolved "https://registry.yarnpkg.com/axios/-/axios-0.25.0.tgz#349cfbb31331a9b4453190791760a8d35b093e0a"
  integrity sha512-cD8FOb0tRH3uuEe6+evtAbgJtfxr7ly3fQjYcMcuPlgkwVS9xboaVIpcDV+cYQe+yGykgwZCs1pzjntcGa6l5g==
  dependencies:
    follow-redirects "^1.14.7"

dataloader@^2.0.0:
  version "2.2.2"
  resolved "https://registry.yarnpkg.com/dataloader/-/dataloader-2.2.2.tgz#216dc509b5abe39d43a9b9d97e6e5e473dfbe3e0"
  integrity sha512-8YnDaaf7N3k/q5HnTJVuzSyLETjoZjVmHc4AeKAzOvKHEFQKcn64OKBfzHYtE9zGjctNM7V9I0MfnUVLpi7M5g==

follow-redirects@^1.14.7:
  version "1.15.2"
  resolved "https://registry.yarnpkg.com/follow-redirects/-/follow-redirects-1.15.2.tgz#b460864144ba63f2681096f274c4e57026da2c13"
  integrity sha512-VQLG33o04KaQ8uYi2tVNbdrWp1QWxNNea+nmIB4EVM28v0hmP17z7aG1+wAkNzVq4KeXTq3221ye5qTJP91JwA==

fp-ts@^2.11.1:
  version "2.13.1"
  resolved "https://registry.yarnpkg.com/fp-ts/-/fp-ts-2.13.1.tgz#1bf2b24136cca154846af16752dc29e8fa506f2a"
  integrity sha512-0eu5ULPS2c/jsa1lGFneEFFEdTbembJv8e4QKXeVJ3lm/5hyve06dlKZrpxmMwJt6rYen7sxmHHK2CLaXvWuWQ==

io-ts-reporters@^2.0.0:
  version "2.0.1"
  resolved "https://registry.yarnpkg.com/io-ts-reporters/-/io-ts-reporters-2.0.1.tgz#0154545aefd115f0f175a41743ed7327d19b1c34"
  integrity sha512-RVpLstYBsmTGgCW9wJ5KVyN/eRnRUDp87Flt4D1O3aJ7oAnd8csq8aXuu7ZeNK8qEDKmjUl9oUuzfwikaNAMKQ==
  dependencies:
    "@scarf/scarf" "^1.1.1"

io-ts@^2.2.16:
  version "2.2.20"
  resolved "https://registry.yarnpkg.com/io-ts/-/io-ts-2.2.20.tgz#be42b75f6668a2c44f706f72ee6e4c906777c7f5"
  integrity sha512-Rq2BsYmtwS5vVttie4rqrOCIfHCS9TgpRLFpKQCM1wZBBRY9nWVGmEvm2FnDbSE2un1UE39DvFpTR5UL47YDcA==

jssha@3.2.0:
  version "3.2.0"
  resolved "https://registry.yarnpkg.com/jssha/-/jssha-3.2.0.tgz#88ec50b866dd1411deaddbe6b3e3692e4c710f16"
  integrity sha512-QuruyBENDWdN4tZwJbQq7/eAK85FqrI4oDbXjy5IBhYD+2pTJyBUWZe8ctWaCkrV0gy6AaelgOZZBMeswEa/6Q==

symbol.inspect@1.0.1:
  version "1.0.1"
  resolved "https://registry.yarnpkg.com/symbol.inspect/-/symbol.inspect-1.0.1.tgz#e13125b8038c4996eb0dfa1567332ad4dcd0763f"
  integrity sha512-YQSL4duoHmLhsTD1Pw8RW6TZ5MaTX5rXJnqacJottr2P2LZBF/Yvrc3ku4NUpMOm8aM0KOCqM+UAkMA5HWQCzQ==

teslabot@^1.3.0:
  version "1.5.0"
  resolved "https://registry.yarnpkg.com/teslabot/-/teslabot-1.5.0.tgz#70f544516699ca5f696d8ae94f3d12cd495d5cd6"
  integrity sha512-e2MmELhCgrgZEGo7PQu/6bmYG36IDH+YrBI1iGm6jovXkeDIGa3pZ2WSqRjzkuw2vt1EqfkZoV5GpXgqL8QJVg==

ton-core@0.48.0:
  version "0.48.0"
  resolved "https://registry.yarnpkg.com/ton-core/-/ton-core-0.48.0.tgz#df744c9b13b3193cb7eb8a9cbb715bcf0437e467"
  integrity sha512-v3QL0CC8iQQ0cjUN0lI9hK7wEpLW2Wnm+N5Ukm+NSbtQ0vq36LGQR/BRywoOQZJm59XzmW4ATbtCWeas9ePrRA==
  dependencies:
    symbol.inspect "1.0.1"

ton-crypto-primitives@2.0.0:
  version "2.0.0"
  resolved "https://registry.yarnpkg.com/ton-crypto-primitives/-/ton-crypto-primitives-2.0.0.tgz#e85cd68c0d523f6bdf3f306201a76e51b7e9312e"
  integrity sha512-K+qKjpS0h9sPW6oExcpxnzuQ7nEgHEiDKwIqE/jWD25o8iFGe3FWj1gKxFNbKE9wwYKc5IV8FwrU+raF0KO5nQ==
  dependencies:
    jssha "3.2.0"

ton-crypto@^3.2.0:
  version "3.2.0"
  resolved "https://registry.yarnpkg.com/ton-crypto/-/ton-crypto-3.2.0.tgz#cf8cd5410d8f04b04b359f80415b11efb312c60e"
  integrity sha512-fltdBNQ45gARMuGMEOjPZWPJ5eSql8p3CA0Dj7tPv5lhU5ziT8SxXLAzDraR9HJ8YpjBHLVvYyhMLRiEwxgtMQ==
  dependencies:
    jssha "3.2.0"
    ton-crypto-primitives "2.0.0"
    tweetnacl "1.0.3"

ton@^13.4.1:
  version "13.4.1"
  resolved "https://registry.yarnpkg.com/ton/-/ton-13.4.1.tgz#8808370785498a8762848d4cdd8a781964df6a74"
  integrity sha512-VCHmGE8o1EJBp5JdKNiqjHW5hmUqSfSYYIsMfCje8/GA6sLzhhtMmznuGsrAQhM+MeEAUSt72SeI41z/wnu9MQ==
  dependencies:
    axios "^0.25.0"
    dataloader "^2.0.0"
    fp-ts "^2.11.1"
    io-ts "^2.2.16"
    io-ts-reporters "^2.0.0"
    symbol.inspect "1.0.1"
    teslabot "^1.3.0"

tweetnacl@1.0.3:
  version "1.0.3"
  resolved "https://registry.yarnpkg.com/tweetnacl/-/tweetnacl-1.0.3.tgz#ac0af71680458d8a6378d0d0d050ab1407d35596"
  integrity sha512-6rt+RN7aOi1nGMyC4Xa5DdYiukl2UWCbcJft7YhxReBGQD7OAM8Pbxw6YMo4r2diNEA8FEmu32YOn9rhaiE5yw==

typescript@^4.9.5:
  version "4.9.5"
  resolved "https://registry.yarnpkg.com/typescript/-/typescript-4.9.5.tgz#095979f9bcc0d09da324d58d03ce8f8374cbe65a"
  integrity sha512-1FXk9E2Hm+QzZQ7z+McJiHL4NW1F2EzMu9Nq9i3zAaGqibafqYwCVU6WyWAuyQRRzOlxou8xZSyXLEN8oKj24g==
